
Microsoft Visual Studio Solution File, Format Version 12.00
# Visual Studio 15
Project("{FAE04EC0-301F-11D3-BF4B-00C04F79EFBC}") = "VuforiaScripts", "VuforiaScripts.csproj", "{81DF9D7B-54C9-2CEA-0579-4D42AD7423C9}"
EndProject
Project("{FAE04EC0-301F-11D3-BF4B-00C04F79EFBC}") = "Assembly-CSharp", "Assembly-CSharp.csproj", "{D58062E2-350B-8111-5116-394817121769}"
EndProject
Project("{FAE04EC0-301F-11D3-BF4B-00C04F79EFBC}") = "VuforiaEditorScripts", "VuforiaEditorScripts.csproj", "{BFB7278D-1045-C618-B850-188763182F50}"
EndProject
Global
	GlobalSection(SolutionConfigurationPlatforms) = preSolution
		Debug|Any CPU = Debug|Any CPU
		Release|Any CPU = Release|Any CPU
	EndGlobalSection
	GlobalSection(ProjectConfigurationPlatforms) = postSolution
		{81DF9D7B-54C9-2CEA-0579-4D42AD7423C9}.Debug|Any CPU.ActiveCfg = Debug|Any CPU
		{81DF9D7B-54C9-2CEA-0579-4D42AD7423C9}.Debug|Any CPU.Build.0 = Debug|Any CPU
		{81DF9D7B-54C9-2CEA-0579-4D42AD7423C9}.Release|Any CPU.ActiveCfg = Release|Any CPU
		{81DF9D7B-54C9-2CEA-0579-4D42AD7423C9}.Release|Any CPU.Build.0 = Release|Any CPU
		{D58062E2-350B-8111-5116-394817121769}.Debug|Any CPU.ActiveCfg = Debug|Any CPU
		{D58062E2-350B-8111-5116-394817121769}.Debug|Any CPU.Build.0 = Debug|Any CPU
		{D58062E2-350B-8111-5116-394817121769}.Release|Any CPU.ActiveCfg = Release|Any CPU
		{D58062E2-350B-8111-5116-394817121769}.Release|Any CPU.Build.0 = Release|Any CPU
		{BFB7278D-1045-C618-B850-188763182F50}.Debug|Any CPU.ActiveCfg = Debug|Any CPU
		{BFB7278D-1045-C618-B850-188763182F50}.Debug|Any CPU.Build.0 = Debug|Any CPU
		{BFB7278D-1045-C618-B850-188763182F50}.Release|Any CPU.ActiveCfg = Release|Any CPU
		{BFB7278D-1045-C618-B850-188763182F50}.Release|Any CPU.Build.0 = Release|Any CPU
	EndGlobalSection
	GlobalSection(SolutionProperties) = preSolution
		HideSolutionNode = FALSE
	EndGlobalSection
	GlobalSection(MonoDevelopProperties) = preSolution
		StartupItem = Assembly-CSharp.csproj
	EndGlobalSection
EndGlobal
